# This file was autogenerated by Stack.
# You should not edit this file by hand.
# For more information, please see the documentation at:
#   https://docs.haskellstack.org/en/stable/topics/lock_files

packages:
- completed:
    hackage: text-time-0.3.2@sha256:6aa8558fedb956db717c8124af7754d884a52fe38c0b0100743db8872ffbb67a,1757
    pantry-tree:
      sha256: 4b740b2200b0eb392b8d05562810efbd5eb78471da4e495a6da4967ce4f4e34a
      size: 638
  original:
    hackage: text-time-0.3.2@sha256:6aa8558fedb956db717c8124af7754d884a52fe38c0b0100743db8872ffbb67a,1757
snapshots:
- completed:
    sha256: 296a7960c37efa382432ab497161a092684191815eb92a608c5d6ea5f894ace3
    size: 683835
    url: https://raw.githubusercontent.com/commercialhaskell/stackage-snapshots/master/lts/23/19.yaml
  original:
    url: https://raw.githubusercontent.com/commercialhaskell/stackage-snapshots/master/lts/23/19.yaml
